
Microsoft Visual Studio Solution File, Format Version 12.00
# Visual Studio Version 16
VisualStudioVersion = 16.0.30204.135
MinimumVisualStudioVersion = 10.0.40219.1
Project("{FAE04EC0-301F-11D3-BF4B-00C04F79EFBC}") = "生成MBR", "生成MBR\生成MBR.csproj", "{C24619D6-9C51-4F05-95A3-1CEB9706699F}"
EndProject
Global
	GlobalSection(SolutionConfigurationPlatforms) = preSolution
		Debug|Any CPU = Debug|Any CPU
		Release|Any CPU = Release|Any CPU
	EndGlobalSection
	GlobalSection(ProjectConfigurationPlatforms) = postSolution
		{C24619D6-9C51-4F05-95A3-1CEB9706699F}.Debug|Any CPU.ActiveCfg = Debug|Any CPU
		{C24619D6-9C51-4F05-95A3-1CEB9706699F}.Debug|Any CPU.Build.0 = Debug|Any CPU
		{C24619D6-9C51-4F05-95A3-1CEB9706699F}.Release|Any CPU.ActiveCfg = Release|Any CPU
		{C24619D6-9C51-4F05-95A3-1CEB9706699F}.Release|Any CPU.Build.0 = Release|Any CPU
	EndGlobalSection
	GlobalSection(SolutionProperties) = preSolution
		HideSolutionNode = FALSE
	EndGlobalSection
	GlobalSection(ExtensibilityGlobals) = postSolution
		SolutionGuid = {EC84AC00-A2B2-4ECF-A817-F7D2307648B3}
	EndGlobalSection
EndGlobal
